
Microsoft Visual Studio Solution File, Format Version 12.00
Project("{FAE04EC0-301F-11D3-BF4B-00C04F79EFBC}") = "PolicyHub.Service", "hub\PolicyHub.Service\PolicyHub.Service.csproj", "{92B16AED-3229-4C46-8498-11D33E5C7F69}"
EndProject
Project("{2150E333-8FDC-42A3-9474-1A3956D46DE8}") = "hub", "hub", "{D30D713C-43E8-488F-BFBB-FD610E77ACA3}"
EndProject
Project("{2150E333-8FDC-42A3-9474-1A3956D46DE8}") = "framework", "framework", "{50E5B8AA-70C4-4A7A-BB69-2043537EF229}"
EndProject
Project("{FAE04EC0-301F-11D3-BF4B-00C04F79EFBC}") = "Framework.Logging", "framework\Framework.Logging\Framework.Logging.csproj", "{B436F768-C390-437A-8106-7FFD091F0FD8}"
EndProject
Project("{FAE04EC0-301F-11D3-BF4B-00C04F79EFBC}") = "Framework.ErrorHandling.Library", "framework\Framework.ErrorHandling.Library\Framework.ErrorHandling.Library.csproj", "{38CF570D-7BFC-4AEB-B841-839EB1B7E58C}"
EndProject
Project("{FAE04EC0-301F-11D3-BF4B-00C04F79EFBC}") = "Framework.ErrorHandling.Web", "framework\Framework.ErrorHandling.Web\Framework.ErrorHandling.Web.csproj", "{8FB37FBF-658E-46CD-98FD-15BCF5C09DF2}"
EndProject
Project("{FAE04EC0-301F-11D3-BF4B-00C04F79EFBC}") = "Framework.Linq", "framework\Framework.Linq\Framework.Linq.csproj", "{A70E0C22-C3C8-4B6E-91CA-4343163962CD}"
EndProject
Project("{FAE04EC0-301F-11D3-BF4B-00C04F79EFBC}") = "Framework.Swagger", "framework\Framework.Swagger\Framework.Swagger.csproj", "{FF2B4088-EC8F-438E-8E22-8843D3B4FAF4}"
EndProject
Project("{2150E333-8FDC-42A3-9474-1A3956D46DE8}") = "database", "database", "{6EB9F0CF-3A57-42AA-BF74-AADCF8815F90}"
EndProject
Project("{FAE04EC0-301F-11D3-BF4B-00C04F79EFBC}") = "PolicyHub.Migrations", "database\PolicyHub.Migrations\PolicyHub.Migrations.csproj", "{696BC957-EF9C-4092-8F3C-E4899FC53ED8}"
EndProject
Project("{FAE04EC0-301F-11D3-BF4B-00C04F79EFBC}") = "Framework.Seeding", "framework\Framework.Seeding\Framework.Seeding.csproj", "{9DA01EA8-2FF6-41A8-91F3-7FBCF1011E22}"
EndProject
Project("{FAE04EC0-301F-11D3-BF4B-00C04F79EFBC}") = "PolicyHub.Entities", "database\PolicyHub.Entities\PolicyHub.Entities.csproj", "{7C1F94B0-D401-40F1-8FE1-004016DC1E49}"
EndProject
Project("{FAE04EC0-301F-11D3-BF4B-00C04F79EFBC}") = "PolicyHub.DbAccess", "database\PolicyHub.DbAccess\PolicyHub.DbAccess.csproj", "{F5BED39D-6419-49AD-A5E0-FAB88723285C}"
EndProject
Project("{2150E333-8FDC-42A3-9474-1A3956D46DE8}") = "tests", "tests", "{9C9DA872-893E-48BA-9DD5-025D477F6EC3}"
EndProject
Project("{FAE04EC0-301F-11D3-BF4B-00C04F79EFBC}") = "PolicyHub.DbAccess.Tests", "..\tests\database\PolicyHub.DbAccess.Tests\PolicyHub.DbAccess.Tests.csproj", "{F1551715-BECA-45B2-A71B-CAB60F2D35FE}"
EndProject
Project("{FAE04EC0-301F-11D3-BF4B-00C04F79EFBC}") = "PolicyHub.Service.Tests", "..\tests\hub\PolicyHub.Service.Tests\PolicyHub.Service.Tests.csproj", "{A337EA35-B303-4F1B-9A83-5205E2CBA69D}"
EndProject
Project("{FAE04EC0-301F-11D3-BF4B-00C04F79EFBC}") = "Framework.DependencyInjection", "framework\Framework.DependencyInjection\Framework.DependencyInjection.csproj", "{2AB3E3A8-6FEF-4D8C-8BD6-383A00155795}"
EndProject
Global
	GlobalSection(SolutionConfigurationPlatforms) = preSolution
		Debug|Any CPU = Debug|Any CPU
		Release|Any CPU = Release|Any CPU
	EndGlobalSection
	GlobalSection(ProjectConfigurationPlatforms) = postSolution
		{92B16AED-3229-4C46-8498-11D33E5C7F69}.Debug|Any CPU.ActiveCfg = Debug|Any CPU
		{92B16AED-3229-4C46-8498-11D33E5C7F69}.Debug|Any CPU.Build.0 = Debug|Any CPU
		{92B16AED-3229-4C46-8498-11D33E5C7F69}.Release|Any CPU.ActiveCfg = Release|Any CPU
		{92B16AED-3229-4C46-8498-11D33E5C7F69}.Release|Any CPU.Build.0 = Release|Any CPU
		{B436F768-C390-437A-8106-7FFD091F0FD8}.Debug|Any CPU.ActiveCfg = Debug|Any CPU
		{B436F768-C390-437A-8106-7FFD091F0FD8}.Debug|Any CPU.Build.0 = Debug|Any CPU
		{B436F768-C390-437A-8106-7FFD091F0FD8}.Release|Any CPU.ActiveCfg = Release|Any CPU
		{B436F768-C390-437A-8106-7FFD091F0FD8}.Release|Any CPU.Build.0 = Release|Any CPU
		{38CF570D-7BFC-4AEB-B841-839EB1B7E58C}.Debug|Any CPU.ActiveCfg = Debug|Any CPU
		{38CF570D-7BFC-4AEB-B841-839EB1B7E58C}.Debug|Any CPU.Build.0 = Debug|Any CPU
		{38CF570D-7BFC-4AEB-B841-839EB1B7E58C}.Release|Any CPU.ActiveCfg = Release|Any CPU
		{38CF570D-7BFC-4AEB-B841-839EB1B7E58C}.Release|Any CPU.Build.0 = Release|Any CPU
		{8FB37FBF-658E-46CD-98FD-15BCF5C09DF2}.Debug|Any CPU.ActiveCfg = Debug|Any CPU
		{8FB37FBF-658E-46CD-98FD-15BCF5C09DF2}.Debug|Any CPU.Build.0 = Debug|Any CPU
		{8FB37FBF-658E-46CD-98FD-15BCF5C09DF2}.Release|Any CPU.ActiveCfg = Release|Any CPU
		{8FB37FBF-658E-46CD-98FD-15BCF5C09DF2}.Release|Any CPU.Build.0 = Release|Any CPU
		{A70E0C22-C3C8-4B6E-91CA-4343163962CD}.Debug|Any CPU.ActiveCfg = Debug|Any CPU
		{A70E0C22-C3C8-4B6E-91CA-4343163962CD}.Debug|Any CPU.Build.0 = Debug|Any CPU
		{A70E0C22-C3C8-4B6E-91CA-4343163962CD}.Release|Any CPU.ActiveCfg = Release|Any CPU
		{A70E0C22-C3C8-4B6E-91CA-4343163962CD}.Release|Any CPU.Build.0 = Release|Any CPU
		{FF2B4088-EC8F-438E-8E22-8843D3B4FAF4}.Debug|Any CPU.ActiveCfg = Debug|Any CPU
		{FF2B4088-EC8F-438E-8E22-8843D3B4FAF4}.Debug|Any CPU.Build.0 = Debug|Any CPU
		{FF2B4088-EC8F-438E-8E22-8843D3B4FAF4}.Release|Any CPU.ActiveCfg = Release|Any CPU
		{FF2B4088-EC8F-438E-8E22-8843D3B4FAF4}.Release|Any CPU.Build.0 = Release|Any CPU
		{696BC957-EF9C-4092-8F3C-E4899FC53ED8}.Debug|Any CPU.ActiveCfg = Debug|Any CPU
		{696BC957-EF9C-4092-8F3C-E4899FC53ED8}.Debug|Any CPU.Build.0 = Debug|Any CPU
		{696BC957-EF9C-4092-8F3C-E4899FC53ED8}.Release|Any CPU.ActiveCfg = Release|Any CPU
		{696BC957-EF9C-4092-8F3C-E4899FC53ED8}.Release|Any CPU.Build.0 = Release|Any CPU
		{9DA01EA8-2FF6-41A8-91F3-7FBCF1011E22}.Debug|Any CPU.ActiveCfg = Debug|Any CPU
		{9DA01EA8-2FF6-41A8-91F3-7FBCF1011E22}.Debug|Any CPU.Build.0 = Debug|Any CPU
		{9DA01EA8-2FF6-41A8-91F3-7FBCF1011E22}.Release|Any CPU.ActiveCfg = Release|Any CPU
		{9DA01EA8-2FF6-41A8-91F3-7FBCF1011E22}.Release|Any CPU.Build.0 = Release|Any CPU
		{7C1F94B0-D401-40F1-8FE1-004016DC1E49}.Debug|Any CPU.ActiveCfg = Debug|Any CPU
		{7C1F94B0-D401-40F1-8FE1-004016DC1E49}.Debug|Any CPU.Build.0 = Debug|Any CPU
		{7C1F94B0-D401-40F1-8FE1-004016DC1E49}.Release|Any CPU.ActiveCfg = Release|Any CPU
		{7C1F94B0-D401-40F1-8FE1-004016DC1E49}.Release|Any CPU.Build.0 = Release|Any CPU
		{F5BED39D-6419-49AD-A5E0-FAB88723285C}.Debug|Any CPU.ActiveCfg = Debug|Any CPU
		{F5BED39D-6419-49AD-A5E0-FAB88723285C}.Debug|Any CPU.Build.0 = Debug|Any CPU
		{F5BED39D-6419-49AD-A5E0-FAB88723285C}.Release|Any CPU.ActiveCfg = Release|Any CPU
		{F5BED39D-6419-49AD-A5E0-FAB88723285C}.Release|Any CPU.Build.0 = Release|Any CPU
		{F1551715-BECA-45B2-A71B-CAB60F2D35FE}.Debug|Any CPU.ActiveCfg = Debug|Any CPU
		{F1551715-BECA-45B2-A71B-CAB60F2D35FE}.Debug|Any CPU.Build.0 = Debug|Any CPU
		{F1551715-BECA-45B2-A71B-CAB60F2D35FE}.Release|Any CPU.ActiveCfg = Release|Any CPU
		{F1551715-BECA-45B2-A71B-CAB60F2D35FE}.Release|Any CPU.Build.0 = Release|Any CPU
		{A337EA35-B303-4F1B-9A83-5205E2CBA69D}.Debug|Any CPU.ActiveCfg = Debug|Any CPU
		{A337EA35-B303-4F1B-9A83-5205E2CBA69D}.Debug|Any CPU.Build.0 = Debug|Any CPU
		{A337EA35-B303-4F1B-9A83-5205E2CBA69D}.Release|Any CPU.ActiveCfg = Release|Any CPU
		{A337EA35-B303-4F1B-9A83-5205E2CBA69D}.Release|Any CPU.Build.0 = Release|Any CPU
		{2AB3E3A8-6FEF-4D8C-8BD6-383A00155795}.Debug|Any CPU.ActiveCfg = Debug|Any CPU
		{2AB3E3A8-6FEF-4D8C-8BD6-383A00155795}.Debug|Any CPU.Build.0 = Debug|Any CPU
		{2AB3E3A8-6FEF-4D8C-8BD6-383A00155795}.Release|Any CPU.ActiveCfg = Release|Any CPU
		{2AB3E3A8-6FEF-4D8C-8BD6-383A00155795}.Release|Any CPU.Build.0 = Release|Any CPU
	EndGlobalSection
	GlobalSection(NestedProjects) = preSolution
		{92B16AED-3229-4C46-8498-11D33E5C7F69} = {D30D713C-43E8-488F-BFBB-FD610E77ACA3}
		{B436F768-C390-437A-8106-7FFD091F0FD8} = {50E5B8AA-70C4-4A7A-BB69-2043537EF229}
		{38CF570D-7BFC-4AEB-B841-839EB1B7E58C} = {50E5B8AA-70C4-4A7A-BB69-2043537EF229}
		{8FB37FBF-658E-46CD-98FD-15BCF5C09DF2} = {50E5B8AA-70C4-4A7A-BB69-2043537EF229}
		{A70E0C22-C3C8-4B6E-91CA-4343163962CD} = {50E5B8AA-70C4-4A7A-BB69-2043537EF229}
		{FF2B4088-EC8F-438E-8E22-8843D3B4FAF4} = {50E5B8AA-70C4-4A7A-BB69-2043537EF229}
		{696BC957-EF9C-4092-8F3C-E4899FC53ED8} = {6EB9F0CF-3A57-42AA-BF74-AADCF8815F90}
		{9DA01EA8-2FF6-41A8-91F3-7FBCF1011E22} = {50E5B8AA-70C4-4A7A-BB69-2043537EF229}
		{7C1F94B0-D401-40F1-8FE1-004016DC1E49} = {6EB9F0CF-3A57-42AA-BF74-AADCF8815F90}
		{F5BED39D-6419-49AD-A5E0-FAB88723285C} = {6EB9F0CF-3A57-42AA-BF74-AADCF8815F90}
		{F1551715-BECA-45B2-A71B-CAB60F2D35FE} = {9C9DA872-893E-48BA-9DD5-025D477F6EC3}
		{A337EA35-B303-4F1B-9A83-5205E2CBA69D} = {9C9DA872-893E-48BA-9DD5-025D477F6EC3}
		{2AB3E3A8-6FEF-4D8C-8BD6-383A00155795} = {50E5B8AA-70C4-4A7A-BB69-2043537EF229}
	EndGlobalSection
EndGlobal
